
Microsoft Visual Studio Solution File, Format Version 12.00
# Visual Studio Version 16
VisualStudioVersion = 16.0.30717.126
MinimumVisualStudioVersion = 10.0.40219.1
Project("{9A19103F-16F7-4668-BE54-9A1E7A4F7556}") = "AzureSqlMapper", "AzureSqlMapper\AzureSqlMapper.csproj", "{19B27A59-1388-4660-AEC8-071ECC199C50}"
EndProject
Project("{FAE04EC0-301F-11D3-BF4B-00C04F79EFBC}") = "TempDI", "TempDI\TempDI.csproj", "{F625C442-7435-4CC0-ACF3-A27C0715AB7C}"
EndProject
Global
	GlobalSection(SolutionConfigurationPlatforms) = preSolution
		Debug|Any CPU = Debug|Any CPU
		Release|Any CPU = Release|Any CPU
	EndGlobalSection
	GlobalSection(ProjectConfigurationPlatforms) = postSolution
		{19B27A59-1388-4660-AEC8-071ECC199C50}.Debug|Any CPU.ActiveCfg = Debug|Any CPU
		{19B27A59-1388-4660-AEC8-071ECC199C50}.Debug|Any CPU.Build.0 = Debug|Any CPU
		{19B27A59-1388-4660-AEC8-071ECC199C50}.Release|Any CPU.ActiveCfg = Release|Any CPU
		{19B27A59-1388-4660-AEC8-071ECC199C50}.Release|Any CPU.Build.0 = Release|Any CPU
		{F625C442-7435-4CC0-ACF3-A27C0715AB7C}.Debug|Any CPU.ActiveCfg = Debug|Any CPU
		{F625C442-7435-4CC0-ACF3-A27C0715AB7C}.Debug|Any CPU.Build.0 = Debug|Any CPU
		{F625C442-7435-4CC0-ACF3-A27C0715AB7C}.Release|Any CPU.ActiveCfg = Release|Any CPU
		{F625C442-7435-4CC0-ACF3-A27C0715AB7C}.Release|Any CPU.Build.0 = Release|Any CPU
	EndGlobalSection
	GlobalSection(SolutionProperties) = preSolution
		HideSolutionNode = FALSE
	EndGlobalSection
	GlobalSection(ExtensibilityGlobals) = postSolution
		SolutionGuid = {A498B1E0-1218-40C3-912B-59443EC72734}
	EndGlobalSection
EndGlobal
